
Microsoft Visual Studio Solution File, Format Version 12.00
# Visual Studio Version 16
VisualStudioVersion = 16.0.29215.179
MinimumVisualStudioVersion = 15.0.26124.0
Project("{9A19103F-16F7-4668-BE54-9A1E7A4F7556}") = "Isogram", "Isogram\Isogram.csproj", "{B80AFF42-B826-4481-BF52-558B3336C0FB}"
EndProject
Project("{FAE04EC0-301F-11D3-BF4B-00C04F79EFBC}") = "Isogram.Tests", "Isogram.Tests\Isogram.Tests.csproj", "{F5248F24-BC32-4415-A62D-832BEBB7D1A2}"
EndProject
Global
	GlobalSection(SolutionConfigurationPlatforms) = preSolution
		Debug|Any CPU = Debug|Any CPU
		Debug|x64 = Debug|x64
		Debug|x86 = Debug|x86
		Release|Any CPU = Release|Any CPU
		Release|x64 = Release|x64
		Release|x86 = Release|x86
	EndGlobalSection
	GlobalSection(ProjectConfigurationPlatforms) = postSolution
		{B80AFF42-B826-4481-BF52-558B3336C0FB}.Debug|Any CPU.ActiveCfg = Debug|Any CPU
		{B80AFF42-B826-4481-BF52-558B3336C0FB}.Debug|Any CPU.Build.0 = Debug|Any CPU
		{B80AFF42-B826-4481-BF52-558B3336C0FB}.Debug|x64.ActiveCfg = Debug|Any CPU
		{B80AFF42-B826-4481-BF52-558B3336C0FB}.Debug|x64.Build.0 = Debug|Any CPU
		{B80AFF42-B826-4481-BF52-558B3336C0FB}.Debug|x86.ActiveCfg = Debug|Any CPU
		{B80AFF42-B826-4481-BF52-558B3336C0FB}.Debug|x86.Build.0 = Debug|Any CPU
		{B80AFF42-B826-4481-BF52-558B3336C0FB}.Release|Any CPU.ActiveCfg = Release|Any CPU
		{B80AFF42-B826-4481-BF52-558B3336C0FB}.Release|Any CPU.Build.0 = Release|Any CPU
		{B80AFF42-B826-4481-BF52-558B3336C0FB}.Release|x64.ActiveCfg = Release|Any CPU
		{B80AFF42-B826-4481-BF52-558B3336C0FB}.Release|x64.Build.0 = Release|Any CPU
		{B80AFF42-B826-4481-BF52-558B3336C0FB}.Release|x86.ActiveCfg = Release|Any CPU
		{B80AFF42-B826-4481-BF52-558B3336C0FB}.Release|x86.Build.0 = Release|Any CPU
		{F5248F24-BC32-4415-A62D-832BEBB7D1A2}.Debug|Any CPU.ActiveCfg = Debug|Any CPU
		{F5248F24-BC32-4415-A62D-832BEBB7D1A2}.Debug|Any CPU.Build.0 = Debug|Any CPU
		{F5248F24-BC32-4415-A62D-832BEBB7D1A2}.Debug|x64.ActiveCfg = Debug|Any CPU
		{F5248F24-BC32-4415-A62D-832BEBB7D1A2}.Debug|x64.Build.0 = Debug|Any CPU
		{F5248F24-BC32-4415-A62D-832BEBB7D1A2}.Debug|x86.ActiveCfg = Debug|Any CPU
		{F5248F24-BC32-4415-A62D-832BEBB7D1A2}.Debug|x86.Build.0 = Debug|Any CPU
		{F5248F24-BC32-4415-A62D-832BEBB7D1A2}.Release|Any CPU.ActiveCfg = Release|Any CPU
		{F5248F24-BC32-4415-A62D-832BEBB7D1A2}.Release|Any CPU.Build.0 = Release|Any CPU
		{F5248F24-BC32-4415-A62D-832BEBB7D1A2}.Release|x64.ActiveCfg = Release|Any CPU
		{F5248F24-BC32-4415-A62D-832BEBB7D1A2}.Release|x64.Build.0 = Release|Any CPU
		{F5248F24-BC32-4415-A62D-832BEBB7D1A2}.Release|x86.ActiveCfg = Release|Any CPU
		{F5248F24-BC32-4415-A62D-832BEBB7D1A2}.Release|x86.Build.0 = Release|Any CPU
	EndGlobalSection
	GlobalSection(SolutionProperties) = preSolution
		HideSolutionNode = FALSE
	EndGlobalSection
	GlobalSection(ExtensibilityGlobals) = postSolution
		SolutionGuid = {A752611A-A300-4286-A001-C8C9AE731FA4}
	EndGlobalSection
EndGlobal
